
Microsoft Visual Studio Solution File, Format Version 12.00
# Visual Studio 2012
Project("{FAE04EC0-301F-11D3-BF4B-00C04F79EFBC}") = "ASPEDB.EncryptionModule", "ASPEDB.EncryptionModule\ASPEDB.EncryptionModule.csproj", "{4884711B-3B5F-4F2C-A7BE-04A6E32D449B}"
EndProject
Project("{FAE04EC0-301F-11D3-BF4B-00C04F79EFBC}") = "ASPEDB.DTO", "ASPEDB.DTO\ASPEDB.DTO.csproj", "{57C6B938-C19D-4155-98C6-03723772D5DC}"
EndProject
Project("{FAE04EC0-301F-11D3-BF4B-00C04F79EFBC}") = "ASPEDB.Utils", "ASPEDB.Utils\ASPEDB.Utils.csproj", "{AD101BCF-8A4C-4BAB-AB4D-15DC1DC48C92}"
EndProject
Project("{FAE04EC0-301F-11D3-BF4B-00C04F79EFBC}") = "ASPEDB.Test", "ASPEDB.Test\ASPEDB.Test.csproj", "{E02553AC-E85C-4901-895C-97DFAAC8DA2C}"
EndProject
Project("{FAE04EC0-301F-11D3-BF4B-00C04F79EFBC}") = "ASPEDB.DBService", "ASPEDB.DBService\ASPEDB.DBService.csproj", "{09A9C02C-6434-4B85-82F9-DB4163699A69}"
EndProject
Project("{E24C65DC-7377-472B-9ABA-BC803B73C61A}") = "ASPEDB.DBServiceHost", "http://localhost:20938", "{3A09390B-D46C-46E6-8399-5CAEDB471672}"
	ProjectSection(WebsiteProperties) = preProject
		UseIISExpress = "true"
		TargetFrameworkMoniker = ".NETFramework,Version%3Dv4.0"
		ProjectReferences = "{09a9c02c-6434-4b85-82f9-db4163699a69}|ASPEDB.DBService.dll;"
		Debug.AspNetCompiler.VirtualPath = "/localhost_20938"
		Debug.AspNetCompiler.PhysicalPath = "ASPEDB.DBServiceHost\"
		Debug.AspNetCompiler.TargetPath = "PrecompiledWeb\localhost_20938\"
		Debug.AspNetCompiler.Updateable = "true"
		Debug.AspNetCompiler.ForceOverwrite = "true"
		Debug.AspNetCompiler.FixedNames = "false"
		Debug.AspNetCompiler.Debug = "True"
		Release.AspNetCompiler.VirtualPath = "/localhost_20938"
		Release.AspNetCompiler.PhysicalPath = "ASPEDB.DBServiceHost\"
		Release.AspNetCompiler.TargetPath = "PrecompiledWeb\localhost_20938\"
		Release.AspNetCompiler.Updateable = "true"
		Release.AspNetCompiler.ForceOverwrite = "true"
		Release.AspNetCompiler.FixedNames = "false"
		Release.AspNetCompiler.Debug = "False"
		SlnRelativePath = "ASPEDB.DBServiceHost\"
		DefaultWebSiteLanguage = "Visual C#"
	EndProjectSection
EndProject
Project("{FAE04EC0-301F-11D3-BF4B-00C04F79EFBC}") = "ASPEDB.UI", "ASPEDB.UI\ASPEDB.UI.csproj", "{B9F5E82E-47D4-4FDD-A2D2-63A4796D89F3}"
EndProject
Global
	GlobalSection(SolutionConfigurationPlatforms) = preSolution
		Debug|Any CPU = Debug|Any CPU
		Release|Any CPU = Release|Any CPU
	EndGlobalSection
	GlobalSection(ProjectConfigurationPlatforms) = postSolution
		{4884711B-3B5F-4F2C-A7BE-04A6E32D449B}.Debug|Any CPU.ActiveCfg = Debug|Any CPU
		{4884711B-3B5F-4F2C-A7BE-04A6E32D449B}.Debug|Any CPU.Build.0 = Debug|Any CPU
		{4884711B-3B5F-4F2C-A7BE-04A6E32D449B}.Release|Any CPU.ActiveCfg = Release|Any CPU
		{4884711B-3B5F-4F2C-A7BE-04A6E32D449B}.Release|Any CPU.Build.0 = Release|Any CPU
		{57C6B938-C19D-4155-98C6-03723772D5DC}.Debug|Any CPU.ActiveCfg = Debug|Any CPU
		{57C6B938-C19D-4155-98C6-03723772D5DC}.Debug|Any CPU.Build.0 = Debug|Any CPU
		{57C6B938-C19D-4155-98C6-03723772D5DC}.Release|Any CPU.ActiveCfg = Release|Any CPU
		{57C6B938-C19D-4155-98C6-03723772D5DC}.Release|Any CPU.Build.0 = Release|Any CPU
		{AD101BCF-8A4C-4BAB-AB4D-15DC1DC48C92}.Debug|Any CPU.ActiveCfg = Debug|Any CPU
		{AD101BCF-8A4C-4BAB-AB4D-15DC1DC48C92}.Debug|Any CPU.Build.0 = Debug|Any CPU
		{AD101BCF-8A4C-4BAB-AB4D-15DC1DC48C92}.Release|Any CPU.ActiveCfg = Release|Any CPU
		{AD101BCF-8A4C-4BAB-AB4D-15DC1DC48C92}.Release|Any CPU.Build.0 = Release|Any CPU
		{E02553AC-E85C-4901-895C-97DFAAC8DA2C}.Debug|Any CPU.ActiveCfg = Debug|Any CPU
		{E02553AC-E85C-4901-895C-97DFAAC8DA2C}.Debug|Any CPU.Build.0 = Debug|Any CPU
		{E02553AC-E85C-4901-895C-97DFAAC8DA2C}.Release|Any CPU.ActiveCfg = Release|Any CPU
		{E02553AC-E85C-4901-895C-97DFAAC8DA2C}.Release|Any CPU.Build.0 = Release|Any CPU
		{09A9C02C-6434-4B85-82F9-DB4163699A69}.Debug|Any CPU.ActiveCfg = Debug|Any CPU
		{09A9C02C-6434-4B85-82F9-DB4163699A69}.Debug|Any CPU.Build.0 = Debug|Any CPU
		{09A9C02C-6434-4B85-82F9-DB4163699A69}.Release|Any CPU.ActiveCfg = Release|Any CPU
		{09A9C02C-6434-4B85-82F9-DB4163699A69}.Release|Any CPU.Build.0 = Release|Any CPU
		{3A09390B-D46C-46E6-8399-5CAEDB471672}.Debug|Any CPU.ActiveCfg = Debug|Any CPU
		{3A09390B-D46C-46E6-8399-5CAEDB471672}.Debug|Any CPU.Build.0 = Debug|Any CPU
		{3A09390B-D46C-46E6-8399-5CAEDB471672}.Release|Any CPU.ActiveCfg = Debug|Any CPU
		{3A09390B-D46C-46E6-8399-5CAEDB471672}.Release|Any CPU.Build.0 = Debug|Any CPU
		{B9F5E82E-47D4-4FDD-A2D2-63A4796D89F3}.Debug|Any CPU.ActiveCfg = Debug|Any CPU
		{B9F5E82E-47D4-4FDD-A2D2-63A4796D89F3}.Debug|Any CPU.Build.0 = Debug|Any CPU
		{B9F5E82E-47D4-4FDD-A2D2-63A4796D89F3}.Release|Any CPU.ActiveCfg = Release|Any CPU
		{B9F5E82E-47D4-4FDD-A2D2-63A4796D89F3}.Release|Any CPU.Build.0 = Release|Any CPU
	EndGlobalSection
	GlobalSection(SolutionProperties) = preSolution
		HideSolutionNode = FALSE
	EndGlobalSection
EndGlobal
